// !$*UTF8*$!
{
	archiveVersion = 1;
	classes = {
	};
	objectVersion = 56;
	objects = {

/* Begin PBXBuildFile section */
		332034292AE035360072988C /* SemarangTempurApp.swift in Sources */ = {isa = PBXBuildFile; fileRef = 332034282AE035360072988C /* SemarangTempurApp.swift */; };
		3320342B2AE035360072988C /* ContentView.swift in Sources */ = {isa = PBXBuildFile; fileRef = 3320342A2AE035360072988C /* ContentView.swift */; };
		3320342D2AE035360072988C /* Assets.xcassets in Resources */ = {isa = PBXBuildFile; fileRef = 3320342C2AE035360072988C /* Assets.xcassets */; };
		332034302AE035360072988C /* Preview Assets.xcassets in Resources */ = {isa = PBXBuildFile; fileRef = 3320342F2AE035360072988C /* Preview Assets.xcassets */; };
		332034392AE0363E0072988C /* StagesOne.sks in Resources */ = {isa = PBXBuildFile; fileRef = 332034382AE0363E0072988C /* StagesOne.sks */; };
		3320343B2AE039FC0072988C /* Background.sks in Resources */ = {isa = PBXBuildFile; fileRef = 3320343A2AE039FC0072988C /* Background.sks */; };
		3364839E2AE0CB6A0073FA4C /* Kotak.sks in Resources */ = {isa = PBXBuildFile; fileRef = 3364839D2AE0CB6A0073FA4C /* Kotak.sks */; };
		336483A02AE0E4260073FA4C /* Duri.sks in Resources */ = {isa = PBXBuildFile; fileRef = 3364839F2AE0E4260073FA4C /* Duri.sks */; };
		336483A22AE172050073FA4C /* GameOverScene.sks in Resources */ = {isa = PBXBuildFile; fileRef = 336483A12AE172050073FA4C /* GameOverScene.sks */; };
		3372700F2AE03C0A0006AD50 /* Wall.sks in Resources */ = {isa = PBXBuildFile; fileRef = 3372700E2AE03C0A0006AD50 /* Wall.sks */; };
		337270112AE03F670006AD50 /* StagesOne.swift in Sources */ = {isa = PBXBuildFile; fileRef = 337270102AE03F670006AD50 /* StagesOne.swift */; };
/* End PBXBuildFile section */

/* Begin PBXFileReference section */
		332034252AE035360072988C /* SemarangTempur.app */ = {isa = PBXFileReference; explicitFileType = wrapper.application; includeInIndex = 0; path = SemarangTempur.app; sourceTree = BUILT_PRODUCTS_DIR; };
		332034282AE035360072988C /* SemarangTempurApp.swift */ = {isa = PBXFileReference; lastKnownFileType = sourcecode.swift; path = SemarangTempurApp.swift; sourceTree = "<group>"; };
		3320342A2AE035360072988C /* ContentView.swift */ = {isa = PBXFileReference; lastKnownFileType = sourcecode.swift; path = ContentView.swift; sourceTree = "<group>"; };
		3320342C2AE035360072988C /* Assets.xcassets */ = {isa = PBXFileReference; lastKnownFileType = folder.assetcatalog; path = Assets.xcassets; sourceTree = "<group>"; };
		3320342F2AE035360072988C /* Preview Assets.xcassets */ = {isa = PBXFileReference; lastKnownFileType = folder.assetcatalog; path = "Preview Assets.xcassets"; sourceTree = "<group>"; };
		332034382AE0363E0072988C /* StagesOne.sks */ = {isa = PBXFileReference; lastKnownFileType = file.sks; path = StagesOne.sks; sourceTree = "<group>"; };
		3320343A2AE039FC0072988C /* Background.sks */ = {isa = PBXFileReference; lastKnownFileType = file.sks; path = Background.sks; sourceTree = "<group>"; };
		3364839D2AE0CB6A0073FA4C /* Kotak.sks */ = {isa = PBXFileReference; lastKnownFileType = file.sks; path = Kotak.sks; sourceTree = "<group>"; };
		3364839F2AE0E4260073FA4C /* Duri.sks */ = {isa = PBXFileReference; lastKnownFileType = file.sks; path = Duri.sks; sourceTree = "<group>"; };
		336483A12AE172050073FA4C /* GameOverScene.sks */ = {isa = PBXFileReference; lastKnownFileType = file.sks; path = GameOverScene.sks; sourceTree = "<group>"; };
		3372700E2AE03C0A0006AD50 /* Wall.sks */ = {isa = PBXFileReference; lastKnownFileType = file.sks; path = Wall.sks; sourceTree = "<group>"; };
		337270102AE03F670006AD50 /* StagesOne.swift */ = {isa = PBXFileReference; lastKnownFileType = sourcecode.swift; path = StagesOne.swift; sourceTree = "<group>"; };
/* End PBXFileReference section */

/* Begin PBXFrameworksBuildPhase section */
		332034222AE035360072988C /* Frameworks */ = {
			isa = PBXFrameworksBuildPhase;
			buildActionMask = 2147483647;
			files = (
			);
			runOnlyForDeploymentPostprocessing = 0;
		};
/* End PBXFrameworksBuildPhase section */

/* Begin PBXGroup section */
		3320341C2AE035360072988C = {
			isa = PBXGroup;
			children = (
				332034272AE035360072988C /* SemarangTempur */,
				332034262AE035360072988C /* Products */,
			);
			sourceTree = "<group>";
		};
		332034262AE035360072988C /* Products */ = {
			isa = PBXGroup;
			children = (
				332034252AE035360072988C /* SemarangTempur.app */,
			);
			name = Products;
			sourceTree = "<group>";
		};
		332034272AE035360072988C /* SemarangTempur */ = {
			isa = PBXGroup;
			children = (
				332034282AE035360072988C /* SemarangTempurApp.swift */,
				3320342A2AE035360072988C /* ContentView.swift */,
				337270102AE03F670006AD50 /* StagesOne.swift */,
				336483A12AE172050073FA4C /* GameOverScene.sks */,
				3320342C2AE035360072988C /* Assets.xcassets */,
				3364839F2AE0E4260073FA4C /* Duri.sks */,
				3364839D2AE0CB6A0073FA4C /* Kotak.sks */,
				3320343A2AE039FC0072988C /* Background.sks */,
				3372700E2AE03C0A0006AD50 /* Wall.sks */,
				332034382AE0363E0072988C /* StagesOne.sks */,
				3320342E2AE035360072988C /* Preview Content */,
			);
			path = SemarangTempur;
			sourceTree = "<group>";
		};
		3320342E2AE035360072988C /* Preview Content */ = {
			isa = PBXGroup;
			children = (
				3320342F2AE035360072988C /* Preview Assets.xcassets */,
			);
			path = "Preview Content";
			sourceTree = "<group>";
		};
/* End PBXGroup section */

/* Begin PBXNativeTarget section */
		332034242AE035360072988C /* SemarangTempur */ = {
			isa = PBXNativeTarget;
			buildConfigurationList = 332034332AE035360072988C /* Build configuration list for PBXNativeTarget "SemarangTempur" */;
			buildPhases = (
				332034212AE035360072988C /* Sources */,
				332034222AE035360072988C /* Frameworks */,
				332034232AE035360072988C /* Resources */,
			);
			buildRules = (
			);
			dependencies = (
			);
			name = SemarangTempur;
			productName = SemarangTempur;
			productReference = 332034252AE035360072988C /* SemarangTempur.app */;
			productType = "com.apple.product-type.application";
		};
/* End PBXNativeTarget section */

/* Begin PBXProject section */
		3320341D2AE035360072988C /* Project object */ = {
			isa = PBXProject;
			attributes = {
				BuildIndependentTargetsInParallel = 1;
				LastSwiftUpdateCheck = 1500;
				LastUpgradeCheck = 1500;
				TargetAttributes = {
					332034242AE035360072988C = {
						CreatedOnToolsVersion = 15.0;
					};
				};
			};
			buildConfigurationList = 332034202AE035360072988C /* Build configuration list for PBXProject "SemarangTempur" */;
			compatibilityVersion = "Xcode 14.0";
			developmentRegion = en;
			hasScannedForEncodings = 0;
			knownRegions = (
				en,
				Base,
			);
			mainGroup = 3320341C2AE035360072988C;
			productRefGroup = 332034262AE035360072988C /* Products */;
			projectDirPath = "";
			projectRoot = "";
			targets = (
				332034242AE035360072988C /* SemarangTempur */,
			);
		};
/* End PBXProject section */

/* Begin PBXResourcesBuildPhase section */
		332034232AE035360072988C /* Resources */ = {
			isa = PBXResourcesBuildPhase;
			buildActionMask = 2147483647;
			files = (
				3372700F2AE03C0A0006AD50 /* Wall.sks in Resources */,
				332034302AE035360072988C /* Preview Assets.xcassets in Resources */,
				3364839E2AE0CB6A0073FA4C /* Kotak.sks in Resources */,
				332034392AE0363E0072988C /* StagesOne.sks in Resources */,
				336483A22AE172050073FA4C /* GameOverScene.sks in Resources */,
				3320343B2AE039FC0072988C /* Background.sks in Resources */,
				3320342D2AE035360072988C /* Assets.xcassets in Resources */,
				336483A02AE0E4260073FA4C /* Duri.sks in Resources */,
			);
			runOnlyForDeploymentPostprocessing = 0;
		};
/* End PBXResourcesBuildPhase section */

/* Begin PBXSourcesBuildPhase section */
		332034212AE035360072988C /* Sources */ = {
			isa = PBXSourcesBuildPhase;
			buildActionMask = 2147483647;
			files = (
				3320342B2AE035360072988C /* ContentView.swift in Sources */,
				332034292AE035360072988C /* SemarangTempurApp.swift in Sources */,
				337270112AE03F670006AD50 /* StagesOne.swift in Sources */,
			);
			runOnlyForDeploymentPostprocessing = 0;
		};
/* End PBXSourcesBuildPhase section */

/* Begin XCBuildConfiguration section */
		332034312AE035360072988C /* Debug */ = {
			isa = XCBuildConfiguration;
			buildSettings = {
				ALWAYS_SEARCH_USER_PATHS = NO;
				ASSETCATALOG_COMPILER_GENERATE_SWIFT_ASSET_SYMBOL_EXTENSIONS = YES;
				CLANG_ANALYZER_NONNULL = YES;
				CLANG_ANALYZER_NUMBER_OBJECT_CONVERSION = YES_AGGRESSIVE;
				CLANG_CXX_LANGUAGE_STANDARD = "gnu++20";
				CLANG_ENABLE_MODULES = YES;
				CLANG_ENABLE_OBJC_ARC = YES;
				CLANG_ENABLE_OBJC_WEAK = YES;
				CLANG_WARN_BLOCK_CAPTURE_AUTORELEASING = YES;
				CLANG_WARN_BOOL_CONVERSION = YES;
				CLANG_WARN_COMMA = YES;
				CLANG_WARN_CONSTANT_CONVERSION = YES;
				CLANG_WARN_DEPRECATED_OBJC_IMPLEMENTATIONS = YES;
				CLANG_WARN_DIRECT_OBJC_ISA_USAGE = YES_ERROR;
				CLANG_WARN_DOCUMENTATION_COMMENTS = YES;
				CLANG_WARN_EMPTY_BODY = YES;
				CLANG_WARN_ENUM_CONVERSION = YES;
				CLANG_WARN_INFINITE_RECURSION = YES;
				CLANG_WARN_INT_CONVERSION = YES;
				CLANG_WARN_NON_LITERAL_NULL_CONVERSION = YES;
				CLANG_WARN_OBJC_IMPLICIT_RETAIN_SELF = YES;
				CLANG_WARN_OBJC_LITERAL_CONVERSION = YES;
				CLANG_WARN_OBJC_ROOT_CLASS = YES_ERROR;
				CLANG_WARN_QUOTED_INCLUDE_IN_FRAMEWORK_HEADER = YES;
				CLANG_WARN_RANGE_LOOP_ANALYSIS = YES;
				CLANG_WARN_STRICT_PROTOTYPES = YES;
				CLANG_WARN_SUSPICIOUS_MOVE = YES;
				CLANG_WARN_UNGUARDED_AVAILABILITY = YES_AGGRESSIVE;
				CLANG_WARN_UNREACHABLE_CODE = YES;
				CLANG_WARN__DUPLICATE_METHOD_MATCH = YES;
				COPY_PHASE_STRIP = NO;
				DEBUG_INFORMATION_FORMAT = dwarf;
				ENABLE_STRICT_OBJC_MSGSEND = YES;
				ENABLE_TESTABILITY = YES;
				ENABLE_USER_SCRIPT_SANDBOXING = YES;
				GCC_C_LANGUAGE_STANDARD = gnu17;
				GCC_DYNAMIC_NO_PIC = NO;
				GCC_NO_COMMON_BLOCKS = YES;
				GCC_OPTIMIZATION_LEVEL = 0;
				GCC_PREPROCESSOR_DEFINITIONS = (
					"DEBUG=1",
					"$(inherited)",
				);
				GCC_WARN_64_TO_32_BIT_CONVERSION = YES;
				GCC_WARN_ABOUT_RETURN_TYPE = YES_ERROR;
				GCC_WARN_UNDECLARED_SELECTOR = YES;
				GCC_WARN_UNINITIALIZED_AUTOS = YES_AGGRESSIVE;
				GCC_WARN_UNUSED_FUNCTION = YES;
				GCC_WARN_UNUSED_VARIABLE = YES;
				IPHONEOS_DEPLOYMENT_TARGET = 17.0;
				LOCALIZATION_PREFERS_STRING_CATALOGS = YES;
				MTL_ENABLE_DEBUG_INFO = INCLUDE_SOURCE;
				MTL_FAST_MATH = YES;
				ONLY_ACTIVE_ARCH = YES;
				SDKROOT = iphoneos;
				SWIFT_ACTIVE_COMPILATION_CONDITIONS = "DEBUG $(inherited)";
				SWIFT_OPTIMIZATION_LEVEL = "-Onone";
			};
			name = Debug;
		};
		332034322AE035360072988C /* Release */ = {
			isa = XCBuildConfiguration;
			buildSettings = {
				ALWAYS_SEARCH_USER_PATHS = NO;
				ASSETCATALOG_COMPILER_GENERATE_SWIFT_ASSET_SYMBOL_EXTENSIONS = YES;
				CLANG_ANALYZER_NONNULL = YES;
				CLANG_ANALYZER_NUMBER_OBJECT_CONVERSION = YES_AGGRESSIVE;
				CLANG_CXX_LANGUAGE_STANDARD = "gnu++20";
				CLANG_ENABLE_MODULES = YES;
				CLANG_ENABLE_OBJC_ARC = YES;
				CLANG_ENABLE_OBJC_WEAK = YES;
				CLANG_WARN_BLOCK_CAPTURE_AUTORELEASING = YES;
				CLANG_WARN_BOOL_CONVERSION = YES;
				CLANG_WARN_COMMA = YES;
				CLANG_WARN_CONSTANT_CONVERSION = YES;
				CLANG_WARN_DEPRECATED_OBJC_IMPLEMENTATIONS = YES;
				CLANG_WARN_DIRECT_OBJC_ISA_USAGE = YES_ERROR;
				CLANG_WARN_DOCUMENTATION_COMMENTS = YES;
				CLANG_WARN_EMPTY_BODY = YES;
				CLANG_WARN_ENUM_CONVERSION = YES;
				CLANG_WARN_INFINITE_RECURSION = YES;
				CLANG_WARN_INT_CONVERSION = YES;
				CLANG_WARN_NON_LITERAL_NULL_CONVERSION = YES;
				CLANG_WARN_OBJC_IMPLICIT_RETAIN_SELF = YES;
				CLANG_WARN_OBJC_LITERAL_CONVERSION = YES;
				CLANG_WARN_OBJC_ROOT_CLASS = YES_ERROR;
				CLANG_WARN_QUOTED_INCLUDE_IN_FRAMEWORK_HEADER = YES;
				CLANG_WARN_RANGE_LOOP_ANALYSIS = YES;
				CLANG_WARN_STRICT_PROTOTYPES = YES;
				CLANG_WARN_SUSPICIOUS_MOVE = YES;
				CLANG_WARN_UNGUARDED_AVAILABILITY = YES_AGGRESSIVE;
				CLANG_WARN_UNREACHABLE_CODE = YES;
				CLANG_WARN__DUPLICATE_METHOD_MATCH = YES;
				COPY_PHASE_STRIP = NO;
				DEBUG_INFORMATION_FORMAT = "dwarf-with-dsym";
				ENABLE_NS_ASSERTIONS = NO;
				ENABLE_STRICT_OBJC_MSGSEND = YES;
				ENABLE_USER_SCRIPT_SANDBOXING = YES;
				GCC_C_LANGUAGE_STANDARD = gnu17;
				GCC_NO_COMMON_BLOCKS = YES;
				GCC_WARN_64_TO_32_BIT_CONVERSION = YES;
				GCC_WARN_ABOUT_RETURN_TYPE = YES_ERROR;
				GCC_WARN_UNDECLARED_SELECTOR = YES;
				GCC_WARN_UNINITIALIZED_AUTOS = YES_AGGRESSIVE;
				GCC_WARN_UNUSED_FUNCTION = YES;
				GCC_WARN_UNUSED_VARIABLE = YES;
				IPHONEOS_DEPLOYMENT_TARGET = 17.0;
				LOCALIZATION_PREFERS_STRING_CATALOGS = YES;
				MTL_ENABLE_DEBUG_INFO = NO;
				MTL_FAST_MATH = YES;
				SDKROOT = iphoneos;
				SWIFT_COMPILATION_MODE = wholemodule;
				VALIDATE_PRODUCT = YES;
			};
			name = Release;
		};
		332034342AE035360072988C /* Debug */ = {
			isa = XCBuildConfiguration;
			buildSettings = {
				ASSETCATALOG_COMPILER_APPICON_NAME = AppIcon;
				ASSETCATALOG_COMPILER_GLOBAL_ACCENT_COLOR_NAME = AccentColor;
				CODE_SIGN_STYLE = Automatic;
				CURRENT_PROJECT_VERSION = 1;
				DEVELOPMENT_ASSET_PATHS = "\"SemarangTempur/Preview Content\"";
				DEVELOPMENT_TEAM = KS4TNRVTWF;
				ENABLE_PREVIEWS = YES;
				GENERATE_INFOPLIST_FILE = YES;
				INFOPLIST_KEY_UIApplicationSceneManifest_Generation = YES;
				INFOPLIST_KEY_UIApplicationSupportsIndirectInputEvents = YES;
				INFOPLIST_KEY_UILaunchScreen_Generation = YES;
				INFOPLIST_KEY_UIRequiresFullScreen = YES;
				INFOPLIST_KEY_UIStatusBarHidden = NO;
				INFOPLIST_KEY_UISupportedInterfaceOrientations = "UIInterfaceOrientationLandscapeLeft UIInterfaceOrientationLandscapeRight UIInterfaceOrientationPortrait";
				INFOPLIST_KEY_UISupportedInterfaceOrientations_iPad = "UIInterfaceOrientationLandscapeLeft UIInterfaceOrientationLandscapeRight";
				LD_RUNPATH_SEARCH_PATHS = (
					"$(inherited)",
					"@executable_path/Frameworks",
				);
				MARKETING_VERSION = 1.0;
				PRODUCT_BUNDLE_IDENTIFIER = com.rizky.SemarangTempur;
				PRODUCT_NAME = "$(TARGET_NAME)";
				SWIFT_EMIT_LOC_STRINGS = YES;
				SWIFT_VERSION = 5.0;
				TARGETED_DEVICE_FAMILY = "1,2";
			};
			name = Debug;
		};
		332034352AE035360072988C /* Release */ = {
			isa = XCBuildConfiguration;
			buildSettings = {
				ASSETCATALOG_COMPILER_APPICON_NAME = AppIcon;
				ASSETCATALOG_COMPILER_GLOBAL_ACCENT_COLOR_NAME = AccentColor;
				CODE_SIGN_STYLE = Automatic;
				CURRENT_PROJECT_VERSION = 1;
				DEVELOPMENT_ASSET_PATHS = "\"SemarangTempur/Preview Content\"";
				DEVELOPMENT_TEAM = KS4TNRVTWF;
				ENABLE_PREVIEWS = YES;
				GENERATE_INFOPLIST_FILE = YES;
				INFOPLIST_KEY_UIApplicationSceneManifest_Generation = YES;
				INFOPLIST_KEY_UIApplicationSupportsIndirectInputEvents = YES;
				INFOPLIST_KEY_UILaunchScreen_Generation = YES;
				INFOPLIST_KEY_UIRequiresFullScreen = YES;
				INFOPLIST_KEY_UIStatusBarHidden = NO;
				INFOPLIST_KEY_UISupportedInterfaceOrientations = "UIInterfaceOrientationLandscapeLeft UIInterfaceOrientationLandscapeRight UIInterfaceOrientationPortrait";
				INFOPLIST_KEY_UISupportedInterfaceOrientations_iPad = "UIInterfaceOrientationLandscapeLeft UIInterfaceOrientationLandscapeRight";
				LD_RUNPATH_SEARCH_PATHS = (
					"$(inherited)",
					"@executable_path/Frameworks",
				);
				MARKETING_VERSION = 1.0;
				PRODUCT_BUNDLE_IDENTIFIER = com.rizky.SemarangTempur;
				PRODUCT_NAME = "$(TARGET_NAME)";
				SWIFT_EMIT_LOC_STRINGS = YES;
				SWIFT_VERSION = 5.0;
				TARGETED_DEVICE_FAMILY = "1,2";
			};
			name = Release;
		};
/* End XCBuildConfiguration section */

/* Begin XCConfigurationList section */
		332034202AE035360072988C /* Build configuration list for PBXProject "SemarangTempur" */ = {
			isa = XCConfigurationList;
			buildConfigurations = (
				332034312AE035360072988C /* Debug */,
				332034322AE035360072988C /* Release */,
			);
			defaultConfigurationIsVisible = 0;
			defaultConfigurationName = Release;
		};
		332034332AE035360072988C /* Build configuration list for PBXNativeTarget "SemarangTempur" */ = {
			isa = XCConfigurationList;
			buildConfigurations = (
				332034342AE035360072988C /* Debug */,
				332034352AE035360072988C /* Release */,
			);
			defaultConfigurationIsVisible = 0;
			defaultConfigurationName = Release;
		};
/* End XCConfigurationList section */
	};
	rootObject = 3320341D2AE035360072988C /* Project object */;
}
